
Microsoft Visual Studio Solution File, Format Version 12.00
# Visual Studio Version 16
VisualStudioVersion = 16.0.35130.168
MinimumVisualStudioVersion = 10.0.40219.1
Project("{FAE04EC0-301F-11D3-BF4B-00C04F79EFBC}") = "ASP.NET5", "ASP.NET5\ASP.NET5.csproj", "{4541DBC9-835C-4363-9853-E529E42BAD93}"
EndProject
Project("{FAE04EC0-301F-11D3-BF4B-00C04F79EFBC}") = "ASP.NET5.Models", "ASP.NET5.Models\ASP.NET5.Models.csproj", "{5A2BD3C6-BB57-43AA-B707-6FBC8E30F5B3}"
EndProject
Project("{00D1A9C2-B5F0-4AF3-8072-F6C62B433612}") = "ASP.NET5.SqlServer", "ASP.NET5.SqlServer\ASP.NET5.SqlServer.sqlproj", "{95BB3632-AAD5-452A-8817-E966C7416B4B}"
EndProject
Global
	GlobalSection(SolutionConfigurationPlatforms) = preSolution
		Debug|Any CPU = Debug|Any CPU
		Release|Any CPU = Release|Any CPU
	EndGlobalSection
	GlobalSection(ProjectConfigurationPlatforms) = postSolution
		{4541DBC9-835C-4363-9853-E529E42BAD93}.Debug|Any CPU.ActiveCfg = Debug|Any CPU
		{4541DBC9-835C-4363-9853-E529E42BAD93}.Debug|Any CPU.Build.0 = Debug|Any CPU
		{4541DBC9-835C-4363-9853-E529E42BAD93}.Release|Any CPU.ActiveCfg = Release|Any CPU
		{4541DBC9-835C-4363-9853-E529E42BAD93}.Release|Any CPU.Build.0 = Release|Any CPU
		{5A2BD3C6-BB57-43AA-B707-6FBC8E30F5B3}.Debug|Any CPU.ActiveCfg = Debug|Any CPU
		{5A2BD3C6-BB57-43AA-B707-6FBC8E30F5B3}.Debug|Any CPU.Build.0 = Debug|Any CPU
		{5A2BD3C6-BB57-43AA-B707-6FBC8E30F5B3}.Release|Any CPU.ActiveCfg = Release|Any CPU
		{5A2BD3C6-BB57-43AA-B707-6FBC8E30F5B3}.Release|Any CPU.Build.0 = Release|Any CPU
		{95BB3632-AAD5-452A-8817-E966C7416B4B}.Debug|Any CPU.ActiveCfg = Debug|Any CPU
		{95BB3632-AAD5-452A-8817-E966C7416B4B}.Debug|Any CPU.Build.0 = Debug|Any CPU
		{95BB3632-AAD5-452A-8817-E966C7416B4B}.Debug|Any CPU.Deploy.0 = Debug|Any CPU
		{95BB3632-AAD5-452A-8817-E966C7416B4B}.Release|Any CPU.ActiveCfg = Release|Any CPU
		{95BB3632-AAD5-452A-8817-E966C7416B4B}.Release|Any CPU.Build.0 = Release|Any CPU
		{95BB3632-AAD5-452A-8817-E966C7416B4B}.Release|Any CPU.Deploy.0 = Release|Any CPU
	EndGlobalSection
	GlobalSection(SolutionProperties) = preSolution
		HideSolutionNode = FALSE
	EndGlobalSection
	GlobalSection(ExtensibilityGlobals) = postSolution
		SolutionGuid = {43A71F51-6DB8-4DB4-9232-F6A7FC3A1188}
	EndGlobalSection
EndGlobal
