
Microsoft Visual Studio Solution File, Format Version 12.00
# Visual Studio Version 16
VisualStudioVersion = 16.0.35130.168
MinimumVisualStudioVersion = 10.0.40219.1
Project("{FAE04EC0-301F-11D3-BF4B-00C04F79EFBC}") = "ASP.NET5", "ASP.NET5\ASP.NET5.csproj", "{4541DBC9-835C-4363-9853-E529E42BAD93}"
EndProject
Global
	GlobalSection(SolutionConfigurationPlatforms) = preSolution
		Debug|Any CPU = Debug|Any CPU
		Release|Any CPU = Release|Any CPU
	EndGlobalSection
	GlobalSection(ProjectConfigurationPlatforms) = postSolution
		{4541DBC9-835C-4363-9853-E529E42BAD93}.Debug|Any CPU.ActiveCfg = Debug|Any CPU
		{4541DBC9-835C-4363-9853-E529E42BAD93}.Debug|Any CPU.Build.0 = Debug|Any CPU
		{4541DBC9-835C-4363-9853-E529E42BAD93}.Release|Any CPU.ActiveCfg = Release|Any CPU
		{4541DBC9-835C-4363-9853-E529E42BAD93}.Release|Any CPU.Build.0 = Release|Any CPU
	EndGlobalSection
	GlobalSection(SolutionProperties) = preSolution
		HideSolutionNode = FALSE
	EndGlobalSection
	GlobalSection(ExtensibilityGlobals) = postSolution
		SolutionGuid = {43A71F51-6DB8-4DB4-9232-F6A7FC3A1188}
	EndGlobalSection
EndGlobal
